
Microsoft Visual Studio Solution File, Format Version 12.00
# Visual Studio Version 16
VisualStudioVersion = 16.0.29009.5
MinimumVisualStudioVersion = 10.0.40219.1
Project("{FAE04EC0-301F-11D3-BF4B-00C04F79EFBC}") = "ConditionalCompilation", "ConditionalCompilation\ConditionalCompilation.csproj", "{F18A9D0D-2037-4D6E-99B0-38614ECB6C82}"
EndProject
Global
	GlobalSection(SolutionConfigurationPlatforms) = preSolution
		Debug|Any CPU = Debug|Any CPU
		Release|Any CPU = Release|Any CPU
	EndGlobalSection
	GlobalSection(ProjectConfigurationPlatforms) = postSolution
		{F18A9D0D-2037-4D6E-99B0-38614ECB6C82}.Debug|Any CPU.ActiveCfg = Debug|Any CPU
		{F18A9D0D-2037-4D6E-99B0-38614ECB6C82}.Debug|Any CPU.Build.0 = Debug|Any CPU
		{F18A9D0D-2037-4D6E-99B0-38614ECB6C82}.Release|Any CPU.ActiveCfg = Release|Any CPU
		{F18A9D0D-2037-4D6E-99B0-38614ECB6C82}.Release|Any CPU.Build.0 = Release|Any CPU
	EndGlobalSection
	GlobalSection(SolutionProperties) = preSolution
		HideSolutionNode = FALSE
	EndGlobalSection
	GlobalSection(ExtensibilityGlobals) = postSolution
		SolutionGuid = {30E48789-F6FC-4BDF-8AA5-214B96DD9DAF}
	EndGlobalSection
EndGlobal
